
Microsoft Visual Studio Solution File, Format Version 12.00
Project("{2150E333-8FDC-42A3-9474-1A3956D46DE8}") = "Server", "Server", "{B5C00C1F-DD4B-4723-B239-864CC759B165}"
EndProject
Project("{FAE04EC0-301F-11D3-BF4B-00C04F79EFBC}") = "DomainEntities", "DomainEntities\DomainEntities.csproj", "{51F1768E-3319-4D0D-A5D0-3259341003F3}"
EndProject
Project("{FAE04EC0-301F-11D3-BF4B-00C04F79EFBC}") = "RepositoryContracts", "RepositoryContracts\RepositoryContracts.csproj", "{60576F01-0ED5-4CE2-AA0E-FD533A9FE090}"
EndProject
Project("{FAE04EC0-301F-11D3-BF4B-00C04F79EFBC}") = "CLI", "CLI\CLI.csproj", "{AB927B30-F9AF-4298-97FB-597781BF7158}"
EndProject
Project("{FAE04EC0-301F-11D3-BF4B-00C04F79EFBC}") = "FileRepositories", "FileRepositories\FileRepositories.csproj", "{DD92C19A-34FC-4D16-AC13-0FF331613DD8}"
EndProject
Project("{2150E333-8FDC-42A3-9474-1A3956D46DE8}") = "Shared", "Shared", "{3BD0C39A-83DB-4D26-ACC1-C462AD571008}"
EndProject
Project("{FAE04EC0-301F-11D3-BF4B-00C04F79EFBC}") = "ApiContracts", "ApiContracts\ApiContracts.csproj", "{84FD61B4-702F-466E-83BD-2515B79909BB}"
EndProject
Project("{FAE04EC0-301F-11D3-BF4B-00C04F79EFBC}") = "WebApi", "WebApi\WebApi.csproj", "{11FA0ADF-EEF4-430C-8D7B-479DB7A8C532}"
EndProject
Project("{FAE04EC0-301F-11D3-BF4B-00C04F79EFBC}") = "EntityFilters", "EntityFilters\EntityFilters.csproj", "{2695866B-AC61-4066-BCBC-0884F052F7F1}"
EndProject
Project("{2150E333-8FDC-42A3-9474-1A3956D46DE8}") = "Client", "Client", "{5ED55157-F21B-41B5-8635-DFED8A152584}"
EndProject
Project("{FAE04EC0-301F-11D3-BF4B-00C04F79EFBC}") = "BlazorApp", "Client\BlazorApp\BlazorApp.csproj", "{9E45FD39-EFC2-431B-A65E-6D045E3E11C4}"
EndProject
Global
	GlobalSection(SolutionConfigurationPlatforms) = preSolution
		Debug|Any CPU = Debug|Any CPU
		Release|Any CPU = Release|Any CPU
	EndGlobalSection
	GlobalSection(NestedProjects) = preSolution
		{51F1768E-3319-4D0D-A5D0-3259341003F3} = {B5C00C1F-DD4B-4723-B239-864CC759B165}
		{60576F01-0ED5-4CE2-AA0E-FD533A9FE090} = {B5C00C1F-DD4B-4723-B239-864CC759B165}
		{AB927B30-F9AF-4298-97FB-597781BF7158} = {B5C00C1F-DD4B-4723-B239-864CC759B165}
		{DD92C19A-34FC-4D16-AC13-0FF331613DD8} = {B5C00C1F-DD4B-4723-B239-864CC759B165}
		{84FD61B4-702F-466E-83BD-2515B79909BB} = {3BD0C39A-83DB-4D26-ACC1-C462AD571008}
		{11FA0ADF-EEF4-430C-8D7B-479DB7A8C532} = {B5C00C1F-DD4B-4723-B239-864CC759B165}
		{2695866B-AC61-4066-BCBC-0884F052F7F1} = {3BD0C39A-83DB-4D26-ACC1-C462AD571008}
		{9E45FD39-EFC2-431B-A65E-6D045E3E11C4} = {5ED55157-F21B-41B5-8635-DFED8A152584}
	EndGlobalSection
	GlobalSection(ProjectConfigurationPlatforms) = postSolution
		{51F1768E-3319-4D0D-A5D0-3259341003F3}.Debug|Any CPU.ActiveCfg = Debug|Any CPU
		{51F1768E-3319-4D0D-A5D0-3259341003F3}.Debug|Any CPU.Build.0 = Debug|Any CPU
		{51F1768E-3319-4D0D-A5D0-3259341003F3}.Release|Any CPU.ActiveCfg = Release|Any CPU
		{51F1768E-3319-4D0D-A5D0-3259341003F3}.Release|Any CPU.Build.0 = Release|Any CPU
		{60576F01-0ED5-4CE2-AA0E-FD533A9FE090}.Debug|Any CPU.ActiveCfg = Debug|Any CPU
		{60576F01-0ED5-4CE2-AA0E-FD533A9FE090}.Debug|Any CPU.Build.0 = Debug|Any CPU
		{60576F01-0ED5-4CE2-AA0E-FD533A9FE090}.Release|Any CPU.ActiveCfg = Release|Any CPU
		{60576F01-0ED5-4CE2-AA0E-FD533A9FE090}.Release|Any CPU.Build.0 = Release|Any CPU
		{AB927B30-F9AF-4298-97FB-597781BF7158}.Debug|Any CPU.ActiveCfg = Debug|Any CPU
		{AB927B30-F9AF-4298-97FB-597781BF7158}.Debug|Any CPU.Build.0 = Debug|Any CPU
		{AB927B30-F9AF-4298-97FB-597781BF7158}.Release|Any CPU.ActiveCfg = Release|Any CPU
		{AB927B30-F9AF-4298-97FB-597781BF7158}.Release|Any CPU.Build.0 = Release|Any CPU
		{DD92C19A-34FC-4D16-AC13-0FF331613DD8}.Debug|Any CPU.ActiveCfg = Debug|Any CPU
		{DD92C19A-34FC-4D16-AC13-0FF331613DD8}.Debug|Any CPU.Build.0 = Debug|Any CPU
		{DD92C19A-34FC-4D16-AC13-0FF331613DD8}.Release|Any CPU.ActiveCfg = Release|Any CPU
		{DD92C19A-34FC-4D16-AC13-0FF331613DD8}.Release|Any CPU.Build.0 = Release|Any CPU
		{84FD61B4-702F-466E-83BD-2515B79909BB}.Debug|Any CPU.ActiveCfg = Debug|Any CPU
		{84FD61B4-702F-466E-83BD-2515B79909BB}.Debug|Any CPU.Build.0 = Debug|Any CPU
		{84FD61B4-702F-466E-83BD-2515B79909BB}.Release|Any CPU.ActiveCfg = Release|Any CPU
		{84FD61B4-702F-466E-83BD-2515B79909BB}.Release|Any CPU.Build.0 = Release|Any CPU
		{11FA0ADF-EEF4-430C-8D7B-479DB7A8C532}.Debug|Any CPU.ActiveCfg = Debug|Any CPU
		{11FA0ADF-EEF4-430C-8D7B-479DB7A8C532}.Debug|Any CPU.Build.0 = Debug|Any CPU
		{11FA0ADF-EEF4-430C-8D7B-479DB7A8C532}.Release|Any CPU.ActiveCfg = Release|Any CPU
		{11FA0ADF-EEF4-430C-8D7B-479DB7A8C532}.Release|Any CPU.Build.0 = Release|Any CPU
		{2695866B-AC61-4066-BCBC-0884F052F7F1}.Debug|Any CPU.ActiveCfg = Debug|Any CPU
		{2695866B-AC61-4066-BCBC-0884F052F7F1}.Debug|Any CPU.Build.0 = Debug|Any CPU
		{2695866B-AC61-4066-BCBC-0884F052F7F1}.Release|Any CPU.ActiveCfg = Release|Any CPU
		{2695866B-AC61-4066-BCBC-0884F052F7F1}.Release|Any CPU.Build.0 = Release|Any CPU
		{9E45FD39-EFC2-431B-A65E-6D045E3E11C4}.Debug|Any CPU.ActiveCfg = Debug|Any CPU
		{9E45FD39-EFC2-431B-A65E-6D045E3E11C4}.Debug|Any CPU.Build.0 = Debug|Any CPU
		{9E45FD39-EFC2-431B-A65E-6D045E3E11C4}.Release|Any CPU.ActiveCfg = Release|Any CPU
		{9E45FD39-EFC2-431B-A65E-6D045E3E11C4}.Release|Any CPU.Build.0 = Release|Any CPU
	EndGlobalSection
EndGlobal
