
Microsoft Visual Studio Solution File, Format Version 12.00
Project("{2150E333-8FDC-42A3-9474-1A3956D46DE8}") = "Server", "Server", "{B5C00C1F-DD4B-4723-B239-864CC759B165}"
EndProject
Project("{FAE04EC0-301F-11D3-BF4B-00C04F79EFBC}") = "DomainEntities", "DomainEntities\DomainEntities.csproj", "{51F1768E-3319-4D0D-A5D0-3259341003F3}"
EndProject
Global
	GlobalSection(SolutionConfigurationPlatforms) = preSolution
		Debug|Any CPU = Debug|Any CPU
		Release|Any CPU = Release|Any CPU
	EndGlobalSection
	GlobalSection(NestedProjects) = preSolution
		{51F1768E-3319-4D0D-A5D0-3259341003F3} = {B5C00C1F-DD4B-4723-B239-864CC759B165}
	EndGlobalSection
	GlobalSection(ProjectConfigurationPlatforms) = postSolution
		{51F1768E-3319-4D0D-A5D0-3259341003F3}.Debug|Any CPU.ActiveCfg = Debug|Any CPU
		{51F1768E-3319-4D0D-A5D0-3259341003F3}.Debug|Any CPU.Build.0 = Debug|Any CPU
		{51F1768E-3319-4D0D-A5D0-3259341003F3}.Release|Any CPU.ActiveCfg = Release|Any CPU
		{51F1768E-3319-4D0D-A5D0-3259341003F3}.Release|Any CPU.Build.0 = Release|Any CPU
	EndGlobalSection
EndGlobal
